Microsoft Visual Studio Solution File, Format Version 11.00
# Visual Studio 2008

Project("{E40F5F07-A077-1AA5-0385-4923D7A82399}") = "Stickmany", "Assembly-CSharp.csproj", "{4529A3EB-8E57-6300-2227-06E5E24356D3}"
EndProject
Global
	GlobalSection(SolutionConfigurationPlatforms) = preSolution
		Debug|Any CPU = Debug|Any CPU
		Release|Any CPU = Release|Any CPU
	EndGlobalSection
	GlobalSection(ProjectConfigurationPlatforms) = postSolution
		{4529A3EB-8E57-6300-2227-06E5E24356D3}.Debug|Any CPU.ActiveCfg = Debug|Any CPU
		{4529A3EB-8E57-6300-2227-06E5E24356D3}.Debug|Any CPU.Build.0 = Debug|Any CPU
		{4529A3EB-8E57-6300-2227-06E5E24356D3}.Release|Any CPU.ActiveCfg = Release|Any CPU
		{4529A3EB-8E57-6300-2227-06E5E24356D3}.Release|Any CPU.Build.0 = Release|Any CPU
	EndGlobalSection
	GlobalSection(SolutionProperties) = preSolution
		HideSolutionNode = FALSE
	EndGlobalSection
	GlobalSection(MonoDevelopProperties) = preSolution
		StartupItem = Assembly-CSharp.csproj
	EndGlobalSection
EndGlobal
